// !$*UTF8*$!
{
	archiveVersion = 1;
	classes = {
	};
	objectVersion = 52;
	objects = {

/* Begin PBXBuildFile section */
		05F0545F25761F5100ABE658 /* MapView.swift in Sources */ = {isa = PBXBuildFile; fileRef = 05F0545E25761F5100ABE658 /* MapView.swift */; };
		2449432C259309D500DB7F04 /* SessionStore.swift in Sources */ = {isa = PBXBuildFile; fileRef = 2449432B259309D400DB7F04 /* SessionStore.swift */; };
		245227E925761A7300B90ED7 /* AppDelegate.swift in Sources */ = {isa = PBXBuildFile; fileRef = 245227E825761A7300B90ED7 /* AppDelegate.swift */; };
		245227EB25761A7300B90ED7 /* SceneDelegate.swift in Sources */ = {isa = PBXBuildFile; fileRef = 245227EA25761A7300B90ED7 /* SceneDelegate.swift */; };
		245227ED25761A7300B90ED7 /* ContentView.swift in Sources */ = {isa = PBXBuildFile; fileRef = 245227EC25761A7300B90ED7 /* ContentView.swift */; };
		245227EF25761A7700B90ED7 /* Assets.xcassets in Resources */ = {isa = PBXBuildFile; fileRef = 245227EE25761A7700B90ED7 /* Assets.xcassets */; };
		245227F225761A7700B90ED7 /* Preview Assets.xcassets in Resources */ = {isa = PBXBuildFile; fileRef = 245227F125761A7700B90ED7 /* Preview Assets.xcassets */; };
		245227F525761A7700B90ED7 /* LaunchScreen.storyboard in Resources */ = {isa = PBXBuildFile; fileRef = 245227F325761A7700B90ED7 /* LaunchScreen.storyboard */; };
		2452280025761A7800B90ED7 /* cashmereTests.swift in Sources */ = {isa = PBXBuildFile; fileRef = 245227FF25761A7800B90ED7 /* cashmereTests.swift */; };
		2452280B25761A7800B90ED7 /* cashmereUITests.swift in Sources */ = {isa = PBXBuildFile; fileRef = 2452280A25761A7800B90ED7 /* cashmereUITests.swift */; };
		245228222576255700B90ED7 /* MapService.swift in Sources */ = {isa = PBXBuildFile; fileRef = 245228212576255700B90ED7 /* MapService.swift */; };
		24522844257731EF00B90ED7 /* MainMenuView.swift in Sources */ = {isa = PBXBuildFile; fileRef = 24522843257731EF00B90ED7 /* MainMenuView.swift */; };
		24522849257731F700B90ED7 /* CreateRoomView.swift in Sources */ = {isa = PBXBuildFile; fileRef = 24522848257731F700B90ED7 /* CreateRoomView.swift */; };
		245228512577320B00B90ED7 /* GameView.swift in Sources */ = {isa = PBXBuildFile; fileRef = 245228502577320B00B90ED7 /* GameView.swift */; };
		245228AA25786FB700B90ED7 /* GoogleService-Info.plist in Resources */ = {isa = PBXBuildFile; fileRef = 245228A925786FB700B90ED7 /* GoogleService-Info.plist */; };
		245228B22578731C00B90ED7 /* ScreenTransitionView.swift in Sources */ = {isa = PBXBuildFile; fileRef = 245228B12578731C00B90ED7 /* ScreenTransitionView.swift */; };
		245228BF2579B82400B90ED7 /* JoinRoomView.swift in Sources */ = {isa = PBXBuildFile; fileRef = 245228BE2579B82400B90ED7 /* JoinRoomView.swift */; };
		245228C42579D22300B90ED7 /* ItemView.swift in Sources */ = {isa = PBXBuildFile; fileRef = 245228C32579D22300B90ED7 /* ItemView.swift */; };
		245228C92579D23900B90ED7 /* PlayerView.swift in Sources */ = {isa = PBXBuildFile; fileRef = 245228C82579D23900B90ED7 /* PlayerView.swift */; };
		245228CE2579DC3A00B90ED7 /* ItemListRow.swift in Sources */ = {isa = PBXBuildFile; fileRef = 245228CD2579DC3A00B90ED7 /* ItemListRow.swift */; };
		245228D32579F78D00B90ED7 /* PlayerListRow.swift in Sources */ = {isa = PBXBuildFile; fileRef = 245228D22579F78D00B90ED7 /* PlayerListRow.swift */; };
		245228D8257A060100B90ED7 /* TimerView.swift in Sources */ = {isa = PBXBuildFile; fileRef = 245228D7257A060100B90ED7 /* TimerView.swift */; };
		245228FA257F03B300B90ED7 /* Room.swift in Sources */ = {isa = PBXBuildFile; fileRef = 245228F9257F03B300B90ED7 /* Room.swift */; };
		245228FF257F04DE00B90ED7 /* Player.swift in Sources */ = {isa = PBXBuildFile; fileRef = 245228FE257F04DE00B90ED7 /* Player.swift */; };
		245229102580507300B90ED7 /* QRCodeMaker.swift in Sources */ = {isa = PBXBuildFile; fileRef = 2452290F2580507300B90ED7 /* QRCodeMaker.swift */; };
		24522915258051E800B90ED7 /* QRCodeView.swift in Sources */ = {isa = PBXBuildFile; fileRef = 24522914258051E800B90ED7 /* QRCodeView.swift */; };
		2452291B25806B3C00B90ED7 /* CodeScanner in Frameworks */ = {isa = PBXBuildFile; productRef = 2452291A25806B3C00B90ED7 /* CodeScanner */; };
		2452292B2581E3B600B90ED7 /* ProfileSettingsView.swift in Sources */ = {isa = PBXBuildFile; fileRef = 2452292A2581E3B600B90ED7 /* ProfileSettingsView.swift */; };
		24522930258347E400B90ED7 /* RealtimeDatabeseDAO.swift in Sources */ = {isa = PBXBuildFile; fileRef = 2452292F258347E400B90ED7 /* RealtimeDatabeseDAO.swift */; };
		245229442583A0E200B90ED7 /* GameWatingView.swift in Sources */ = {isa = PBXBuildFile; fileRef = 245229432583A0E200B90ED7 /* GameWatingView.swift */; };
		24522949258446AB00B90ED7 /* PlayerInviteView.swift in Sources */ = {isa = PBXBuildFile; fileRef = 24522948258446AB00B90ED7 /* PlayerInviteView.swift */; };
		245B3F882591B495001D4A59 /* GoogleSignInButton.swift in Sources */ = {isa = PBXBuildFile; fileRef = 245B3F872591B495001D4A59 /* GoogleSignInButton.swift */; };
		245B3F8D2591B51F001D4A59 /* GoogleSignInViewController.swift in Sources */ = {isa = PBXBuildFile; fileRef = 245B3F8C2591B51F001D4A59 /* GoogleSignInViewController.swift */; };
		245B3F952591B68F001D4A59 /* LoginView.swift in Sources */ = {isa = PBXBuildFile; fileRef = 245B3F942591B68F001D4A59 /* LoginView.swift */; };
		245C5DE12587111A00F4BE36 /* InvitedPlayerListView.swift in Sources */ = {isa = PBXBuildFile; fileRef = 245C5DE02587111A00F4BE36 /* InvitedPlayerListView.swift */; };
		245C5DE62587231B00F4BE36 /* CustomButtomStyle.swift in Sources */ = {isa = PBXBuildFile; fileRef = 245C5DE52587231B00F4BE36 /* CustomButtomStyle.swift */; };
		245C5DEB25873CDD00F4BE36 /* GameEventFlag.swift in Sources */ = {isa = PBXBuildFile; fileRef = 245C5DEA25873CDD00F4BE36 /* GameEventFlag.swift */; };
		246AE45C25885CCE0052AD6D /* GameruleView.swift in Sources */ = {isa = PBXBuildFile; fileRef = 246AE45B25885CCE0052AD6D /* GameruleView.swift */; };
		246AE47B2589E44D0052AD6D /* EscapeTimeView.swift in Sources */ = {isa = PBXBuildFile; fileRef = 246AE47A2589E44D0052AD6D /* EscapeTimeView.swift */; };
		246AE480258B37B70052AD6D /* GameruleSettingsView.swift in Sources */ = {isa = PBXBuildFile; fileRef = 246AE47F258B37B70052AD6D /* GameruleSettingsView.swift */; };
		4A538ACB74F2570FAF4D5C2A /* Pods_cashmere_cashmereUITests.framework in Frameworks */ = {isa = PBXBuildFile; fileRef = B978F57396957BB528811F85 /* Pods_cashmere_cashmereUITests.framework */; };
		6C3837FFA9DED59893BE0752 /* Pods_cashmereTests.framework in Frameworks */ = {isa = PBXBuildFile; fileRef = 748503290558B2B13B49EEEE /* Pods_cashmereTests.framework */; };
		AA1E508A3A9345CCC02BB948 /* Pods_cashmere.framework in Frameworks */ = {isa = PBXBuildFile; fileRef = EE32DA295FEC37F04A0E6C1F /* Pods_cashmere.framework */; };
/* End PBXBuildFile section */

/* Begin PBXContainerItemProxy section */
		245227FC25761A7800B90ED7 /* PBXContainerItemProxy */ = {
			isa = PBXContainerItemProxy;
			containerPortal = 245227DD25761A7300B90ED7 /* Project object */;
			proxyType = 1;
			remoteGlobalIDString = 245227E425761A7300B90ED7;
			remoteInfo = cashmere;
		};
		2452280725761A7800B90ED7 /* PBXContainerItemProxy */ = {
			isa = PBXContainerItemProxy;
			containerPortal = 245227DD25761A7300B90ED7 /* Project object */;
			proxyType = 1;
			remoteGlobalIDString = 245227E425761A7300B90ED7;
			remoteInfo = cashmere;
		};
/* End PBXContainerItemProxy section */

/* Begin PBXFileReference section */
		05F0545E25761F5100ABE658 /* MapView.swift */ = {isa = PBXFileReference; lastKnownFileType = sourcecode.swift; path = MapView.swift; sourceTree = "<group>"; };
		2449432B259309D400DB7F04 /* SessionStore.swift */ = {isa = PBXFileReference; lastKnownFileType = sourcecode.swift; path = SessionStore.swift; sourceTree = "<group>"; };
		245227E525761A7300B90ED7 /* cashmere.app */ = {isa = PBXFileReference; explicitFileType = wrapper.application; includeInIndex = 0; path = cashmere.app; sourceTree = BUILT_PRODUCTS_DIR; };
		245227E825761A7300B90ED7 /* AppDelegate.swift */ = {isa = PBXFileReference; lastKnownFileType = sourcecode.swift; path = AppDelegate.swift; sourceTree = "<group>"; };
		245227EA25761A7300B90ED7 /* SceneDelegate.swift */ = {isa = PBXFileReference; lastKnownFileType = sourcecode.swift; path = SceneDelegate.swift; sourceTree = "<group>"; };
		245227EC25761A7300B90ED7 /* ContentView.swift */ = {isa = PBXFileReference; lastKnownFileType = sourcecode.swift; path = ContentView.swift; sourceTree = "<group>"; };
		245227EE25761A7700B90ED7 /* Assets.xcassets */ = {isa = PBXFileReference; lastKnownFileType = folder.assetcatalog; path = Assets.xcassets; sourceTree = "<group>"; };
		245227F125761A7700B90ED7 /* Preview Assets.xcassets */ = {isa = PBXFileReference; lastKnownFileType = folder.assetcatalog; path = "Preview Assets.xcassets"; sourceTree = "<group>"; };
		245227F425761A7700B90ED7 /* Base */ = {isa = PBXFileReference; lastKnownFileType = file.storyboard; name = Base; path = Base.lproj/LaunchScreen.storyboard; sourceTree = "<group>"; };
		245227F625761A7700B90ED7 /* Info.plist */ = {isa = PBXFileReference; lastKnownFileType = text.plist.xml; path = Info.plist; sourceTree = "<group>"; };
		245227FB25761A7800B90ED7 /* cashmereTests.xctest */ = {isa = PBXFileReference; explicitFileType = wrapper.cfbundle; includeInIndex = 0; path = cashmereTests.xctest; sourceTree = BUILT_PRODUCTS_DIR; };
		245227FF25761A7800B90ED7 /* cashmereTests.swift */ = {isa = PBXFileReference; lastKnownFileType = sourcecode.swift; path = cashmereTests.swift; sourceTree = "<group>"; };
		2452280125761A7800B90ED7 /* Info.plist */ = {isa = PBXFileReference; lastKnownFileType = text.plist.xml; path = Info.plist; sourceTree = "<group>"; };
		2452280625761A7800B90ED7 /* cashmereUITests.xctest */ = {isa = PBXFileReference; explicitFileType = wrapper.cfbundle; includeInIndex = 0; path = cashmereUITests.xctest; sourceTree = BUILT_PRODUCTS_DIR; };
		2452280A25761A7800B90ED7 /* cashmereUITests.swift */ = {isa = PBXFileReference; lastKnownFileType = sourcecode.swift; path = cashmereUITests.swift; sourceTree = "<group>"; };
		2452280C25761A7800B90ED7 /* Info.plist */ = {isa = PBXFileReference; lastKnownFileType = text.plist.xml; path = Info.plist; sourceTree = "<group>"; };
		245228212576255700B90ED7 /* MapService.swift */ = {isa = PBXFileReference; lastKnownFileType = sourcecode.swift; path = MapService.swift; sourceTree = "<group>"; };
		24522843257731EF00B90ED7 /* MainMenuView.swift */ = {isa = PBXFileReference; lastKnownFileType = sourcecode.swift; path = MainMenuView.swift; sourceTree = "<group>"; };
		24522848257731F700B90ED7 /* CreateRoomView.swift */ = {isa = PBXFileReference; lastKnownFileType = sourcecode.swift; path = CreateRoomView.swift; sourceTree = "<group>"; };
		245228502577320B00B90ED7 /* GameView.swift */ = {isa = PBXFileReference; lastKnownFileType = sourcecode.swift; path = GameView.swift; sourceTree = "<group>"; };
		245228A925786FB700B90ED7 /* GoogleService-Info.plist */ = {isa = PBXFileReference; fileEncoding = 4; lastKnownFileType = text.plist.xml; name = "GoogleService-Info.plist"; path = "../../../../Downloads/GoogleService-Info.plist"; sourceTree = "<group>"; };
		245228B12578731C00B90ED7 /* ScreenTransitionView.swift */ = {isa = PBXFileReference; lastKnownFileType = sourcecode.swift; path = ScreenTransitionView.swift; sourceTree = "<group>"; };
		245228BE2579B82400B90ED7 /* JoinRoomView.swift */ = {isa = PBXFileReference; lastKnownFileType = sourcecode.swift; path = JoinRoomView.swift; sourceTree = "<group>"; };
		245228C32579D22300B90ED7 /* ItemView.swift */ = {isa = PBXFileReference; lastKnownFileType = sourcecode.swift; path = ItemView.swift; sourceTree = "<group>"; };
		245228C82579D23900B90ED7 /* PlayerView.swift */ = {isa = PBXFileReference; lastKnownFileType = sourcecode.swift; path = PlayerView.swift; sourceTree = "<group>"; };
		245228CD2579DC3A00B90ED7 /* ItemListRow.swift */ = {isa = PBXFileReference; lastKnownFileType = sourcecode.swift; path = ItemListRow.swift; sourceTree = "<group>"; };
		245228D22579F78D00B90ED7 /* PlayerListRow.swift */ = {isa = PBXFileReference; lastKnownFileType = sourcecode.swift; path = PlayerListRow.swift; sourceTree = "<group>"; };
		245228D7257A060100B90ED7 /* TimerView.swift */ = {isa = PBXFileReference; lastKnownFileType = sourcecode.swift; path = TimerView.swift; sourceTree = "<group>"; };
		245228F9257F03B300B90ED7 /* Room.swift */ = {isa = PBXFileReference; lastKnownFileType = sourcecode.swift; path = Room.swift; sourceTree = "<group>"; };
		245228FE257F04DE00B90ED7 /* Player.swift */ = {isa = PBXFileReference; lastKnownFileType = sourcecode.swift; path = Player.swift; sourceTree = "<group>"; };
		2452290F2580507300B90ED7 /* QRCodeMaker.swift */ = {isa = PBXFileReference; lastKnownFileType = sourcecode.swift; path = QRCodeMaker.swift; sourceTree = "<group>"; };
		24522914258051E800B90ED7 /* QRCodeView.swift */ = {isa = PBXFileReference; lastKnownFileType = sourcecode.swift; path = QRCodeView.swift; sourceTree = "<group>"; };
		2452292A2581E3B600B90ED7 /* ProfileSettingsView.swift */ = {isa = PBXFileReference; lastKnownFileType = sourcecode.swift; path = ProfileSettingsView.swift; sourceTree = "<group>"; };
		2452292F258347E400B90ED7 /* RealtimeDatabeseDAO.swift */ = {isa = PBXFileReference; lastKnownFileType = sourcecode.swift; path = RealtimeDatabeseDAO.swift; sourceTree = "<group>"; };
		245229432583A0E200B90ED7 /* GameWatingView.swift */ = {isa = PBXFileReference; lastKnownFileType = sourcecode.swift; path = GameWatingView.swift; sourceTree = "<group>"; };
		24522948258446AB00B90ED7 /* PlayerInviteView.swift */ = {isa = PBXFileReference; lastKnownFileType = sourcecode.swift; path = PlayerInviteView.swift; sourceTree = "<group>"; };
		245B3F872591B495001D4A59 /* GoogleSignInButton.swift */ = {isa = PBXFileReference; lastKnownFileType = sourcecode.swift; path = GoogleSignInButton.swift; sourceTree = "<group>"; };
		245B3F8C2591B51F001D4A59 /* GoogleSignInViewController.swift */ = {isa = PBXFileReference; lastKnownFileType = sourcecode.swift; path = GoogleSignInViewController.swift; sourceTree = "<group>"; };
		245B3F942591B68F001D4A59 /* LoginView.swift */ = {isa = PBXFileReference; lastKnownFileType = sourcecode.swift; path = LoginView.swift; sourceTree = "<group>"; };
		245C5DE02587111A00F4BE36 /* InvitedPlayerListView.swift */ = {isa = PBXFileReference; lastKnownFileType = sourcecode.swift; path = InvitedPlayerListView.swift; sourceTree = "<group>"; };
		245C5DE52587231B00F4BE36 /* CustomButtomStyle.swift */ = {isa = PBXFileReference; lastKnownFileType = sourcecode.swift; path = CustomButtomStyle.swift; sourceTree = "<group>"; };
		245C5DEA25873CDD00F4BE36 /* GameEventFlag.swift */ = {isa = PBXFileReference; lastKnownFileType = sourcecode.swift; path = GameEventFlag.swift; sourceTree = "<group>"; };
		246AE45B25885CCE0052AD6D /* GameruleView.swift */ = {isa = PBXFileReference; lastKnownFileType = sourcecode.swift; path = GameruleView.swift; sourceTree = "<group>"; };
		246AE47A2589E44D0052AD6D /* EscapeTimeView.swift */ = {isa = PBXFileReference; lastKnownFileType = sourcecode.swift; path = EscapeTimeView.swift; sourceTree = "<group>"; };
		246AE47F258B37B70052AD6D /* GameruleSettingsView.swift */ = {isa = PBXFileReference; lastKnownFileType = sourcecode.swift; path = GameruleSettingsView.swift; sourceTree = "<group>"; };
		3734E116E6263DD8E5F956D4 /* Pods-cashmere-cashmereUITests.debug.xcconfig */ = {isa = PBXFileReference; includeInIndex = 1; lastKnownFileType = text.xcconfig; name = "Pods-cashmere-cashmereUITests.debug.xcconfig"; path = "Target Support Files/Pods-cashmere-cashmereUITests/Pods-cashmere-cashmereUITests.debug.xcconfig"; sourceTree = "<group>"; };
		57187BFF4836C0B0CFBC9649 /* Pods-cashmere.debug.xcconfig */ = {isa = PBXFileReference; includeInIndex = 1; lastKnownFileType = text.xcconfig; name = "Pods-cashmere.debug.xcconfig"; path = "Target Support Files/Pods-cashmere/Pods-cashmere.debug.xcconfig"; sourceTree = "<group>"; };
		5998795B6D9E96219FF9DEB1 /* Pods-cashmereTests.release.xcconfig */ = {isa = PBXFileReference; includeInIndex = 1; lastKnownFileType = text.xcconfig; name = "Pods-cashmereTests.release.xcconfig"; path = "Target Support Files/Pods-cashmereTests/Pods-cashmereTests.release.xcconfig"; sourceTree = "<group>"; };
		705E7930EFC023C0002B5E65 /* Pods-cashmere-cashmereUITests.release.xcconfig */ = {isa = PBXFileReference; includeInIndex = 1; lastKnownFileType = text.xcconfig; name = "Pods-cashmere-cashmereUITests.release.xcconfig"; path = "Target Support Files/Pods-cashmere-cashmereUITests/Pods-cashmere-cashmereUITests.release.xcconfig"; sourceTree = "<group>"; };
		748503290558B2B13B49EEEE /* Pods_cashmereTests.framework */ = {isa = PBXFileReference; explicitFileType = wrapper.framework; includeInIndex = 0; path = Pods_cashmereTests.framework; sourceTree = BUILT_PRODUCTS_DIR; };
		79EE3B1A9A8802EE8BD27118 /* Pods-cashmereTests.debug.xcconfig */ = {isa = PBXFileReference; includeInIndex = 1; lastKnownFileType = text.xcconfig; name = "Pods-cashmereTests.debug.xcconfig"; path = "Target Support Files/Pods-cashmereTests/Pods-cashmereTests.debug.xcconfig"; sourceTree = "<group>"; };
		89FD71F93435A8E0D3F3B537 /* Pods-cashmere.release.xcconfig */ = {isa = PBXFileReference; includeInIndex = 1; lastKnownFileType = text.xcconfig; name = "Pods-cashmere.release.xcconfig"; path = "Target Support Files/Pods-cashmere/Pods-cashmere.release.xcconfig"; sourceTree = "<group>"; };
		B978F57396957BB528811F85 /* Pods_cashmere_cashmereUITests.framework */ = {isa = PBXFileReference; explicitFileType = wrapper.framework; includeInIndex = 0; path = Pods_cashmere_cashmereUITests.framework; sourceTree = BUILT_PRODUCTS_DIR; };
		EE32DA295FEC37F04A0E6C1F /* Pods_cashmere.framework */ = {isa = PBXFileReference; explicitFileType = wrapper.framework; includeInIndex = 0; path = Pods_cashmere.framework; sourceTree = BUILT_PRODUCTS_DIR; };
/* End PBXFileReference section */

/* Begin PBXFrameworksBuildPhase section */
		245227E225761A7300B90ED7 /* Frameworks */ = {
			isa = PBXFrameworksBuildPhase;
			buildActionMask = 2147483647;
			files = (
				2452291B25806B3C00B90ED7 /* CodeScanner in Frameworks */,
				AA1E508A3A9345CCC02BB948 /* Pods_cashmere.framework in Frameworks */,
			);
			runOnlyForDeploymentPostprocessing = 0;
		};
		245227F825761A7800B90ED7 /* Frameworks */ = {
			isa = PBXFrameworksBuildPhase;
			buildActionMask = 2147483647;
			files = (
				6C3837FFA9DED59893BE0752 /* Pods_cashmereTests.framework in Frameworks */,
			);
			runOnlyForDeploymentPostprocessing = 0;
		};
		2452280325761A7800B90ED7 /* Frameworks */ = {
			isa = PBXFrameworksBuildPhase;
			buildActionMask = 2147483647;
			files = (
				4A538ACB74F2570FAF4D5C2A /* Pods_cashmere_cashmereUITests.framework in Frameworks */,
			);
			runOnlyForDeploymentPostprocessing = 0;
		};
/* End PBXFrameworksBuildPhase section */

/* Begin PBXGroup section */
		245227DC25761A7300B90ED7 = {
			isa = PBXGroup;
			children = (
				245227E725761A7300B90ED7 /* cashmere */,
				245227FE25761A7800B90ED7 /* cashmereTests */,
				2452280925761A7800B90ED7 /* cashmereUITests */,
				8B8373CC9E1EBBBE61F11FDC /* Frameworks */,
				D0E944CF929D74121B4F94FB /* Pods */,
				245227E625761A7300B90ED7 /* Products */,
			);
			sourceTree = "<group>";
		};
		245227E625761A7300B90ED7 /* Products */ = {
			isa = PBXGroup;
			children = (
				245227E525761A7300B90ED7 /* cashmere.app */,
				245227FB25761A7800B90ED7 /* cashmereTests.xctest */,
				2452280625761A7800B90ED7 /* cashmereUITests.xctest */,
			);
			name = Products;
			sourceTree = "<group>";
		};
		245227E725761A7300B90ED7 /* cashmere */ = {
			isa = PBXGroup;
			children = (
				24522939258348CE00B90ED7 /* Service */,
				24522938258348B600B90ED7 /* DAO */,
				245229342583483800B90ED7 /* Views */,
				245227E825761A7300B90ED7 /* AppDelegate.swift */,
				245227EA25761A7300B90ED7 /* SceneDelegate.swift */,
				245228F9257F03B300B90ED7 /* Room.swift */,
				245228FE257F04DE00B90ED7 /* Player.swift */,
				2449432B259309D400DB7F04 /* SessionStore.swift */,
				245228A925786FB700B90ED7 /* GoogleService-Info.plist */,
				245227EE25761A7700B90ED7 /* Assets.xcassets */,
				245227F325761A7700B90ED7 /* LaunchScreen.storyboard */,
				245227F625761A7700B90ED7 /* Info.plist */,
				245227F025761A7700B90ED7 /* Preview Content */,
				245C5DE52587231B00F4BE36 /* CustomButtomStyle.swift */,
				245C5DEA25873CDD00F4BE36 /* GameEventFlag.swift */,
			);
			path = cashmere;
			sourceTree = "<group>";
		};
		245227F025761A7700B90ED7 /* Preview Content */ = {
			isa = PBXGroup;
			children = (
				245227F125761A7700B90ED7 /* Preview Assets.xcassets */,
			);
			path = "Preview Content";
			sourceTree = "<group>";
		};
		245227FE25761A7800B90ED7 /* cashmereTests */ = {
			isa = PBXGroup;
			children = (
				245227FF25761A7800B90ED7 /* cashmereTests.swift */,
				2452280125761A7800B90ED7 /* Info.plist */,
			);
			path = cashmereTests;
			sourceTree = "<group>";
		};
		2452280925761A7800B90ED7 /* cashmereUITests */ = {
			isa = PBXGroup;
			children = (
				2452280A25761A7800B90ED7 /* cashmereUITests.swift */,
				2452280C25761A7800B90ED7 /* Info.plist */,
			);
			path = cashmereUITests;
			sourceTree = "<group>";
		};
		245229342583483800B90ED7 /* Views */ = {
			isa = PBXGroup;
			children = (
				246AE45B25885CCE0052AD6D /* GameruleView.swift */,
				245228D22579F78D00B90ED7 /* PlayerListRow.swift */,
				245228CD2579DC3A00B90ED7 /* ItemListRow.swift */,
				24522914258051E800B90ED7 /* QRCodeView.swift */,
				245228B12578731C00B90ED7 /* ScreenTransitionView.swift */,
				245228502577320B00B90ED7 /* GameView.swift */,
				245228C32579D22300B90ED7 /* ItemView.swift */,
				245228C82579D23900B90ED7 /* PlayerView.swift */,
				05F0545E25761F5100ABE658 /* MapView.swift */,
				245228D7257A060100B90ED7 /* TimerView.swift */,
				246AE47A2589E44D0052AD6D /* EscapeTimeView.swift */,
				24522848257731F700B90ED7 /* CreateRoomView.swift */,
				246AE47F258B37B70052AD6D /* GameruleSettingsView.swift */,
				24522948258446AB00B90ED7 /* PlayerInviteView.swift */,
				2452292A2581E3B600B90ED7 /* ProfileSettingsView.swift */,
				245228BE2579B82400B90ED7 /* JoinRoomView.swift */,
				24522843257731EF00B90ED7 /* MainMenuView.swift */,
				245B3F942591B68F001D4A59 /* LoginView.swift */,
				245B3F872591B495001D4A59 /* GoogleSignInButton.swift */,
				245B3F8C2591B51F001D4A59 /* GoogleSignInViewController.swift */,
				245227EC25761A7300B90ED7 /* ContentView.swift */,
				245229432583A0E200B90ED7 /* GameWatingView.swift */,
				245C5DE02587111A00F4BE36 /* InvitedPlayerListView.swift */,
			);
			path = Views;
			sourceTree = "<group>";
		};
		24522938258348B600B90ED7 /* DAO */ = {
			isa = PBXGroup;
			children = (
				2452292F258347E400B90ED7 /* RealtimeDatabeseDAO.swift */,
			);
			path = DAO;
			sourceTree = "<group>";
		};
		24522939258348CE00B90ED7 /* Service */ = {
			isa = PBXGroup;
			children = (
				2452290F2580507300B90ED7 /* QRCodeMaker.swift */,
				245228212576255700B90ED7 /* MapService.swift */,
			);
			path = Service;
			sourceTree = "<group>";
		};
		8B8373CC9E1EBBBE61F11FDC /* Frameworks */ = {
			isa = PBXGroup;
			children = (
				EE32DA295FEC37F04A0E6C1F /* Pods_cashmere.framework */,
				B978F57396957BB528811F85 /* Pods_cashmere_cashmereUITests.framework */,
				748503290558B2B13B49EEEE /* Pods_cashmereTests.framework */,
			);
			name = Frameworks;
			sourceTree = "<group>";
		};
		D0E944CF929D74121B4F94FB /* Pods */ = {
			isa = PBXGroup;
			children = (
				57187BFF4836C0B0CFBC9649 /* Pods-cashmere.debug.xcconfig */,
				89FD71F93435A8E0D3F3B537 /* Pods-cashmere.release.xcconfig */,
				3734E116E6263DD8E5F956D4 /* Pods-cashmere-cashmereUITests.debug.xcconfig */,
				705E7930EFC023C0002B5E65 /* Pods-cashmere-cashmereUITests.release.xcconfig */,
				79EE3B1A9A8802EE8BD27118 /* Pods-cashmereTests.debug.xcconfig */,
				5998795B6D9E96219FF9DEB1 /* Pods-cashmereTests.release.xcconfig */,
			);
			path = Pods;
			sourceTree = "<group>";
		};
/* End PBXGroup section */

/* Begin PBXNativeTarget section */
		245227E425761A7300B90ED7 /* cashmere */ = {
			isa = PBXNativeTarget;
			buildConfigurationList = 2452280F25761A7800B90ED7 /* Build configuration list for PBXNativeTarget "cashmere" */;
			buildPhases = (
				5F5C9B2998497D5711024822 /* [CP] Check Pods Manifest.lock */,
				245227E125761A7300B90ED7 /* Sources */,
				245227E225761A7300B90ED7 /* Frameworks */,
				245227E325761A7300B90ED7 /* Resources */,
				2E9F05263289690571F4158E /* [CP] Embed Pods Frameworks */,
				CB3345A5FCD41F58D68CF0ED /* [CP] Copy Pods Resources */,
			);
			buildRules = (
			);
			dependencies = (
			);
			name = cashmere;
			packageProductDependencies = (
				2452291A25806B3C00B90ED7 /* CodeScanner */,
			);
			productName = cashmere;
			productReference = 245227E525761A7300B90ED7 /* cashmere.app */;
			productType = "com.apple.product-type.application";
		};
		245227FA25761A7800B90ED7 /* cashmereTests */ = {
			isa = PBXNativeTarget;
			buildConfigurationList = 2452281225761A7800B90ED7 /* Build configuration list for PBXNativeTarget "cashmereTests" */;
			buildPhases = (
				3FCC3CA2B3AAF4A109F725BC /* [CP] Check Pods Manifest.lock */,
				245227F725761A7800B90ED7 /* Sources */,
				245227F825761A7800B90ED7 /* Frameworks */,
				245227F925761A7800B90ED7 /* Resources */,
			);
			buildRules = (
			);
			dependencies = (
				245227FD25761A7800B90ED7 /* PBXTargetDependency */,
			);
			name = cashmereTests;
			productName = cashmereTests;
			productReference = 245227FB25761A7800B90ED7 /* cashmereTests.xctest */;
			productType = "com.apple.product-type.bundle.unit-test";
		};
		2452280525761A7800B90ED7 /* cashmereUITests */ = {
			isa = PBXNativeTarget;
			buildConfigurationList = 2452281525761A7800B90ED7 /* Build configuration list for PBXNativeTarget "cashmereUITests" */;
			buildPhases = (
				11C70420D31F21811B24CAE9 /* [CP] Check Pods Manifest.lock */,
				2452280225761A7800B90ED7 /* Sources */,
				2452280325761A7800B90ED7 /* Frameworks */,
				2452280425761A7800B90ED7 /* Resources */,
				99F134989CE8C04313C87313 /* [CP] Embed Pods Frameworks */,
				A7E63707B5C8CF8A2D76DBF8 /* [CP] Copy Pods Resources */,
			);
			buildRules = (
			);
			dependencies = (
				2452280825761A7800B90ED7 /* PBXTargetDependency */,
			);
			name = cashmereUITests;
			productName = cashmereUITests;
			productReference = 2452280625761A7800B90ED7 /* cashmereUITests.xctest */;
			productType = "com.apple.product-type.bundle.ui-testing";
		};
/* End PBXNativeTarget section */

/* Begin PBXProject section */
		245227DD25761A7300B90ED7 /* Project object */ = {
			isa = PBXProject;
			attributes = {
				LastSwiftUpdateCheck = 1220;
				LastUpgradeCheck = 1220;
				TargetAttributes = {
					245227E425761A7300B90ED7 = {
						CreatedOnToolsVersion = 12.2;
					};
					245227FA25761A7800B90ED7 = {
						CreatedOnToolsVersion = 12.2;
						TestTargetID = 245227E425761A7300B90ED7;
					};
					2452280525761A7800B90ED7 = {
						CreatedOnToolsVersion = 12.2;
						TestTargetID = 245227E425761A7300B90ED7;
					};
				};
			};
			buildConfigurationList = 245227E025761A7300B90ED7 /* Build configuration list for PBXProject "cashmere" */;
			compatibilityVersion = "Xcode 9.3";
			developmentRegion = en;
			hasScannedForEncodings = 0;
			knownRegions = (
				en,
				Base,
			);
			mainGroup = 245227DC25761A7300B90ED7;
			packageReferences = (
				2452291925806B3C00B90ED7 /* XCRemoteSwiftPackageReference "CodeScanner" */,
			);
			productRefGroup = 245227E625761A7300B90ED7 /* Products */;
			projectDirPath = "";
			projectRoot = "";
			targets = (
				245227E425761A7300B90ED7 /* cashmere */,
				245227FA25761A7800B90ED7 /* cashmereTests */,
				2452280525761A7800B90ED7 /* cashmereUITests */,
			);
		};
/* End PBXProject section */

/* Begin PBXResourcesBuildPhase section */
		245227E325761A7300B90ED7 /* Resources */ = {
			isa = PBXResourcesBuildPhase;
			buildActionMask = 2147483647;
			files = (
				245227F525761A7700B90ED7 /* LaunchScreen.storyboard in Resources */,
				245228AA25786FB700B90ED7 /* GoogleService-Info.plist in Resources */,
				245227F225761A7700B90ED7 /* Preview Assets.xcassets in Resources */,
				245227EF25761A7700B90ED7 /* Assets.xcassets in Resources */,
			);
			runOnlyForDeploymentPostprocessing = 0;
		};
		245227F925761A7800B90ED7 /* Resources */ = {
			isa = PBXResourcesBuildPhase;
			buildActionMask = 2147483647;
			files = (
			);
			runOnlyForDeploymentPostprocessing = 0;
		};
		2452280425761A7800B90ED7 /* Resources */ = {
			isa = PBXResourcesBuildPhase;
			buildActionMask = 2147483647;
			files = (
			);
			runOnlyForDeploymentPostprocessing = 0;
		};
/* End PBXResourcesBuildPhase section */

/* Begin PBXShellScriptBuildPhase section */
		11C70420D31F21811B24CAE9 /* [CP] Check Pods Manifest.lock */ = {
			isa = PBXShellScriptBuildPhase;
			buildActionMask = 2147483647;
			files = (
			);
			inputFileListPaths = (
			);
			inputPaths = (
				"${PODS_PODFILE_DIR_PATH}/Podfile.lock",
				"${PODS_ROOT}/Manifest.lock",
			);
			name = "[CP] Check Pods Manifest.lock";
			outputFileListPaths = (
			);
			outputPaths = (
				"$(DERIVED_FILE_DIR)/Pods-cashmere-cashmereUITests-checkManifestLockResult.txt",
			);
			runOnlyForDeploymentPostprocessing = 0;
			shellPath = /bin/sh;
			shellScript = "diff \"${PODS_PODFILE_DIR_PATH}/Podfile.lock\" \"${PODS_ROOT}/Manifest.lock\" > /dev/null\nif [ $? != 0 ] ; then\n    # print error to STDERR\n    echo \"error: The sandbox is not in sync with the Podfile.lock. Run 'pod install' or update your CocoaPods installation.\" >&2\n    exit 1\nfi\n# This output is used by Xcode 'outputs' to avoid re-running this script phase.\necho \"SUCCESS\" > \"${SCRIPT_OUTPUT_FILE_0}\"\n";
			showEnvVarsInLog = 0;
		};
		2E9F05263289690571F4158E /* [CP] Embed Pods Frameworks */ = {
			isa = PBXShellScriptBuildPhase;
			buildActionMask = 2147483647;
			files = (
			);
			inputFileListPaths = (
				"${PODS_ROOT}/Target Support Files/Pods-cashmere/Pods-cashmere-frameworks-${CONFIGURATION}-input-files.xcfilelist",
			);
			name = "[CP] Embed Pods Frameworks";
			outputFileListPaths = (
				"${PODS_ROOT}/Target Support Files/Pods-cashmere/Pods-cashmere-frameworks-${CONFIGURATION}-output-files.xcfilelist",
			);
			runOnlyForDeploymentPostprocessing = 0;
			shellPath = /bin/sh;
			shellScript = "\"${PODS_ROOT}/Target Support Files/Pods-cashmere/Pods-cashmere-frameworks.sh\"\n";
			showEnvVarsInLog = 0;
		};
		3FCC3CA2B3AAF4A109F725BC /* [CP] Check Pods Manifest.lock */ = {
			isa = PBXShellScriptBuildPhase;
			buildActionMask = 2147483647;
			files = (
			);
			inputFileListPaths = (
			);
			inputPaths = (
				"${PODS_PODFILE_DIR_PATH}/Podfile.lock",
				"${PODS_ROOT}/Manifest.lock",
			);
			name = "[CP] Check Pods Manifest.lock";
			outputFileListPaths = (
			);
			outputPaths = (
				"$(DERIVED_FILE_DIR)/Pods-cashmereTests-checkManifestLockResult.txt",
			);
			runOnlyForDeploymentPostprocessing = 0;
			shellPath = /bin/sh;
			shellScript = "diff \"${PODS_PODFILE_DIR_PATH}/Podfile.lock\" \"${PODS_ROOT}/Manifest.lock\" > /dev/null\nif [ $? != 0 ] ; then\n    # print error to STDERR\n    echo \"error: The sandbox is not in sync with the Podfile.lock. Run 'pod install' or update your CocoaPods installation.\" >&2\n    exit 1\nfi\n# This output is used by Xcode 'outputs' to avoid re-running this script phase.\necho \"SUCCESS\" > \"${SCRIPT_OUTPUT_FILE_0}\"\n";
			showEnvVarsInLog = 0;
		};
		5F5C9B2998497D5711024822 /* [CP] Check Pods Manifest.lock */ = {
			isa = PBXShellScriptBuildPhase;
			buildActionMask = 2147483647;
			files = (
			);
			inputFileListPaths = (
			);
			inputPaths = (
				"${PODS_PODFILE_DIR_PATH}/Podfile.lock",
				"${PODS_ROOT}/Manifest.lock",
			);
			name = "[CP] Check Pods Manifest.lock";
			outputFileListPaths = (
			);
			outputPaths = (
				"$(DERIVED_FILE_DIR)/Pods-cashmere-checkManifestLockResult.txt",
			);
			runOnlyForDeploymentPostprocessing = 0;
			shellPath = /bin/sh;
			shellScript = "diff \"${PODS_PODFILE_DIR_PATH}/Podfile.lock\" \"${PODS_ROOT}/Manifest.lock\" > /dev/null\nif [ $? != 0 ] ; then\n    # print error to STDERR\n    echo \"error: The sandbox is not in sync with the Podfile.lock. Run 'pod install' or update your CocoaPods installation.\" >&2\n    exit 1\nfi\n# This output is used by Xcode 'outputs' to avoid re-running this script phase.\necho \"SUCCESS\" > \"${SCRIPT_OUTPUT_FILE_0}\"\n";
			showEnvVarsInLog = 0;
		};
		99F134989CE8C04313C87313 /* [CP] Embed Pods Frameworks */ = {
			isa = PBXShellScriptBuildPhase;
			buildActionMask = 2147483647;
			files = (
			);
			inputFileListPaths = (
				"${PODS_ROOT}/Target Support Files/Pods-cashmere-cashmereUITests/Pods-cashmere-cashmereUITests-frameworks-${CONFIGURATION}-input-files.xcfilelist",
			);
			name = "[CP] Embed Pods Frameworks";
			outputFileListPaths = (
				"${PODS_ROOT}/Target Support Files/Pods-cashmere-cashmereUITests/Pods-cashmere-cashmereUITests-frameworks-${CONFIGURATION}-output-files.xcfilelist",
			);
			runOnlyForDeploymentPostprocessing = 0;
			shellPath = /bin/sh;
			shellScript = "\"${PODS_ROOT}/Target Support Files/Pods-cashmere-cashmereUITests/Pods-cashmere-cashmereUITests-frameworks.sh\"\n";
			showEnvVarsInLog = 0;
		};
		A7E63707B5C8CF8A2D76DBF8 /* [CP] Copy Pods Resources */ = {
			isa = PBXShellScriptBuildPhase;
			buildActionMask = 2147483647;
			files = (
			);
			inputFileListPaths = (
				"${PODS_ROOT}/Target Support Files/Pods-cashmere-cashmereUITests/Pods-cashmere-cashmereUITests-resources-${CONFIGURATION}-input-files.xcfilelist",
			);
			name = "[CP] Copy Pods Resources";
			outputFileListPaths = (
				"${PODS_ROOT}/Target Support Files/Pods-cashmere-cashmereUITests/Pods-cashmere-cashmereUITests-resources-${CONFIGURATION}-output-files.xcfilelist",
			);
			runOnlyForDeploymentPostprocessing = 0;
			shellPath = /bin/sh;
			shellScript = "\"${PODS_ROOT}/Target Support Files/Pods-cashmere-cashmereUITests/Pods-cashmere-cashmereUITests-resources.sh\"\n";
			showEnvVarsInLog = 0;
		};
		CB3345A5FCD41F58D68CF0ED /* [CP] Copy Pods Resources */ = {
			isa = PBXShellScriptBuildPhase;
			buildActionMask = 2147483647;
			files = (
			);
			inputFileListPaths = (
				"${PODS_ROOT}/Target Support Files/Pods-cashmere/Pods-cashmere-resources-${CONFIGURATION}-input-files.xcfilelist",
			);
			name = "[CP] Copy Pods Resources";
			outputFileListPaths = (
				"${PODS_ROOT}/Target Support Files/Pods-cashmere/Pods-cashmere-resources-${CONFIGURATION}-output-files.xcfilelist",
			);
			runOnlyForDeploymentPostprocessing = 0;
			shellPath = /bin/sh;
			shellScript = "\"${PODS_ROOT}/Target Support Files/Pods-cashmere/Pods-cashmere-resources.sh\"\n";
			showEnvVarsInLog = 0;
		};
/* End PBXShellScriptBuildPhase section */

/* Begin PBXSourcesBuildPhase section */
		245227E125761A7300B90ED7 /* Sources */ = {
			isa = PBXSourcesBuildPhase;
			buildActionMask = 2147483647;
			files = (
				245229442583A0E200B90ED7 /* GameWatingView.swift in Sources */,
				245228D8257A060100B90ED7 /* TimerView.swift in Sources */,
				24522844257731EF00B90ED7 /* MainMenuView.swift in Sources */,
				245228222576255700B90ED7 /* MapService.swift in Sources */,
				245228FA257F03B300B90ED7 /* Room.swift in Sources */,
				245C5DE12587111A00F4BE36 /* InvitedPlayerListView.swift in Sources */,
				245227E925761A7300B90ED7 /* AppDelegate.swift in Sources */,
				245228D32579F78D00B90ED7 /* PlayerListRow.swift in Sources */,
				2452292B2581E3B600B90ED7 /* ProfileSettingsView.swift in Sources */,
				245229102580507300B90ED7 /* QRCodeMaker.swift in Sources */,
				245228C92579D23900B90ED7 /* PlayerView.swift in Sources */,
				05F0545F25761F5100ABE658 /* MapView.swift in Sources */,
				245227EB25761A7300B90ED7 /* SceneDelegate.swift in Sources */,
				245228C42579D22300B90ED7 /* ItemView.swift in Sources */,
				24522915258051E800B90ED7 /* QRCodeView.swift in Sources */,
				245227ED25761A7300B90ED7 /* ContentView.swift in Sources */,
				245C5DEB25873CDD00F4BE36 /* GameEventFlag.swift in Sources */,
				246AE480258B37B70052AD6D /* GameruleSettingsView.swift in Sources */,
				245B3F882591B495001D4A59 /* GoogleSignInButton.swift in Sources */,
				245228512577320B00B90ED7 /* GameView.swift in Sources */,
				2449432C259309D500DB7F04 /* SessionStore.swift in Sources */,
				245228BF2579B82400B90ED7 /* JoinRoomView.swift in Sources */,
				24522949258446AB00B90ED7 /* PlayerInviteView.swift in Sources */,
				245228FF257F04DE00B90ED7 /* Player.swift in Sources */,
				245B3F8D2591B51F001D4A59 /* GoogleSignInViewController.swift in Sources */,
				245228B22578731C00B90ED7 /* ScreenTransitionView.swift in Sources */,
				246AE47B2589E44D0052AD6D /* EscapeTimeView.swift in Sources */,
				245C5DE62587231B00F4BE36 /* CustomButtomStyle.swift in Sources */,
				246AE45C25885CCE0052AD6D /* GameruleView.swift in Sources */,
				24522849257731F700B90ED7 /* CreateRoomView.swift in Sources */,
				24522930258347E400B90ED7 /* RealtimeDatabeseDAO.swift in Sources */,
				245228CE2579DC3A00B90ED7 /* ItemListRow.swift in Sources */,
				245B3F952591B68F001D4A59 /* LoginView.swift in Sources */,
			);
			runOnlyForDeploymentPostprocessing = 0;
		};
		245227F725761A7800B90ED7 /* Sources */ = {
			isa = PBXSourcesBuildPhase;
			buildActionMask = 2147483647;
			files = (
				2452280025761A7800B90ED7 /* cashmereTests.swift in Sources */,
			);
			runOnlyForDeploymentPostprocessing = 0;
		};
		2452280225761A7800B90ED7 /* Sources */ = {
			isa = PBXSourcesBuildPhase;
			buildActionMask = 2147483647;
			files = (
				2452280B25761A7800B90ED7 /* cashmereUITests.swift in Sources */,
			);
			runOnlyForDeploymentPostprocessing = 0;
		};
/* End PBXSourcesBuildPhase section */

/* Begin PBXTargetDependency section */
		245227FD25761A7800B90ED7 /* PBXTargetDependency */ = {
			isa = PBXTargetDependency;
			target = 245227E425761A7300B90ED7 /* cashmere */;
			targetProxy = 245227FC25761A7800B90ED7 /* PBXContainerItemProxy */;
		};
		2452280825761A7800B90ED7 /* PBXTargetDependency */ = {
			isa = PBXTargetDependency;
			target = 245227E425761A7300B90ED7 /* cashmere */;
			targetProxy = 2452280725761A7800B90ED7 /* PBXContainerItemProxy */;
		};
/* End PBXTargetDependency section */

/* Begin PBXVariantGroup section */
		245227F325761A7700B90ED7 /* LaunchScreen.storyboard */ = {
			isa = PBXVariantGroup;
			children = (
				245227F425761A7700B90ED7 /* Base */,
			);
			name = LaunchScreen.storyboard;
			sourceTree = "<group>";
		};
/* End PBXVariantGroup section */

/* Begin XCBuildConfiguration section */
		2452280D25761A7800B90ED7 /* Debug */ = {
			isa = XCBuildConfiguration;
			buildSettings = {
				ALWAYS_SEARCH_USER_PATHS = NO;
				CLANG_ANALYZER_NONNULL = YES;
				CLANG_ANALYZER_NUMBER_OBJECT_CONVERSION = YES_AGGRESSIVE;
				CLANG_CXX_LANGUAGE_STANDARD = "gnu++14";
				CLANG_CXX_LIBRARY = "libc++";
				CLANG_ENABLE_MODULES = YES;
				CLANG_ENABLE_OBJC_ARC = YES;
				CLANG_ENABLE_OBJC_WEAK = YES;
				CLANG_WARN_BLOCK_CAPTURE_AUTORELEASING = YES;
				CLANG_WARN_BOOL_CONVERSION = YES;
				CLANG_WARN_COMMA = YES;
				CLANG_WARN_CONSTANT_CONVERSION = YES;
				CLANG_WARN_DEPRECATED_OBJC_IMPLEMENTATIONS = YES;
				CLANG_WARN_DIRECT_OBJC_ISA_USAGE = YES_ERROR;
				CLANG_WARN_DOCUMENTATION_COMMENTS = YES;
				CLANG_WARN_EMPTY_BODY = YES;
				CLANG_WARN_ENUM_CONVERSION = YES;
				CLANG_WARN_INFINITE_RECURSION = YES;
				CLANG_WARN_INT_CONVERSION = YES;
				CLANG_WARN_NON_LITERAL_NULL_CONVERSION = YES;
				CLANG_WARN_OBJC_IMPLICIT_RETAIN_SELF = YES;
				CLANG_WARN_OBJC_LITERAL_CONVERSION = YES;
				CLANG_WARN_OBJC_ROOT_CLASS = YES_ERROR;
				CLANG_WARN_QUOTED_INCLUDE_IN_FRAMEWORK_HEADER = YES;
				CLANG_WARN_RANGE_LOOP_ANALYSIS = YES;
				CLANG_WARN_STRICT_PROTOTYPES = YES;
				CLANG_WARN_SUSPICIOUS_MOVE = YES;
				CLANG_WARN_UNGUARDED_AVAILABILITY = YES_AGGRESSIVE;
				CLANG_WARN_UNREACHABLE_CODE = YES;
				CLANG_WARN__DUPLICATE_METHOD_MATCH = YES;
				COPY_PHASE_STRIP = NO;
				DEBUG_INFORMATION_FORMAT = dwarf;
				ENABLE_STRICT_OBJC_MSGSEND = YES;
				ENABLE_TESTABILITY = YES;
				GCC_C_LANGUAGE_STANDARD = gnu11;
				GCC_DYNAMIC_NO_PIC = NO;
				GCC_NO_COMMON_BLOCKS = YES;
				GCC_OPTIMIZATION_LEVEL = 0;
				GCC_PREPROCESSOR_DEFINITIONS = (
					"DEBUG=1",
					"$(inherited)",
				);
				GCC_WARN_64_TO_32_BIT_CONVERSION = YES;
				GCC_WARN_ABOUT_RETURN_TYPE = YES_ERROR;
				GCC_WARN_UNDECLARED_SELECTOR = YES;
				GCC_WARN_UNINITIALIZED_AUTOS = YES_AGGRESSIVE;
				GCC_WARN_UNUSED_FUNCTION = YES;
				GCC_WARN_UNUSED_VARIABLE = YES;
				IPHONEOS_DEPLOYMENT_TARGET = 14.2;
				MTL_ENABLE_DEBUG_INFO = INCLUDE_SOURCE;
				MTL_FAST_MATH = YES;
				ONLY_ACTIVE_ARCH = YES;
				SDKROOT = iphoneos;
				SWIFT_ACTIVE_COMPILATION_CONDITIONS = DEBUG;
				SWIFT_OPTIMIZATION_LEVEL = "-Onone";
			};
			name = Debug;
		};
		2452280E25761A7800B90ED7 /* Release */ = {
			isa = XCBuildConfiguration;
			buildSettings = {
				ALWAYS_SEARCH_USER_PATHS = NO;
				CLANG_ANALYZER_NONNULL = YES;
				CLANG_ANALYZER_NUMBER_OBJECT_CONVERSION = YES_AGGRESSIVE;
				CLANG_CXX_LANGUAGE_STANDARD = "gnu++14";
				CLANG_CXX_LIBRARY = "libc++";
				CLANG_ENABLE_MODULES = YES;
				CLANG_ENABLE_OBJC_ARC = YES;
				CLANG_ENABLE_OBJC_WEAK = YES;
				CLANG_WARN_BLOCK_CAPTURE_AUTORELEASING = YES;
				CLANG_WARN_BOOL_CONVERSION = YES;
				CLANG_WARN_COMMA = YES;
				CLANG_WARN_CONSTANT_CONVERSION = YES;
				CLANG_WARN_DEPRECATED_OBJC_IMPLEMENTATIONS = YES;
				CLANG_WARN_DIRECT_OBJC_ISA_USAGE = YES_ERROR;
				CLANG_WARN_DOCUMENTATION_COMMENTS = YES;
				CLANG_WARN_EMPTY_BODY = YES;
				CLANG_WARN_ENUM_CONVERSION = YES;
				CLANG_WARN_INFINITE_RECURSION = YES;
				CLANG_WARN_INT_CONVERSION = YES;
				CLANG_WARN_NON_LITERAL_NULL_CONVERSION = YES;
				CLANG_WARN_OBJC_IMPLICIT_RETAIN_SELF = YES;
				CLANG_WARN_OBJC_LITERAL_CONVERSION = YES;
				CLANG_WARN_OBJC_ROOT_CLASS = YES_ERROR;
				CLANG_WARN_QUOTED_INCLUDE_IN_FRAMEWORK_HEADER = YES;
				CLANG_WARN_RANGE_LOOP_ANALYSIS = YES;
				CLANG_WARN_STRICT_PROTOTYPES = YES;
				CLANG_WARN_SUSPICIOUS_MOVE = YES;
				CLANG_WARN_UNGUARDED_AVAILABILITY = YES_AGGRESSIVE;
				CLANG_WARN_UNREACHABLE_CODE = YES;
				CLANG_WARN__DUPLICATE_METHOD_MATCH = YES;
				COPY_PHASE_STRIP = NO;
				DEBUG_INFORMATION_FORMAT = "dwarf-with-dsym";
				ENABLE_NS_ASSERTIONS = NO;
				ENABLE_STRICT_OBJC_MSGSEND = YES;
				GCC_C_LANGUAGE_STANDARD = gnu11;
				GCC_NO_COMMON_BLOCKS = YES;
				GCC_WARN_64_TO_32_BIT_CONVERSION = YES;
				GCC_WARN_ABOUT_RETURN_TYPE = YES_ERROR;
				GCC_WARN_UNDECLARED_SELECTOR = YES;
				GCC_WARN_UNINITIALIZED_AUTOS = YES_AGGRESSIVE;
				GCC_WARN_UNUSED_FUNCTION = YES;
				GCC_WARN_UNUSED_VARIABLE = YES;
				IPHONEOS_DEPLOYMENT_TARGET = 14.2;
				MTL_ENABLE_DEBUG_INFO = NO;
				MTL_FAST_MATH = YES;
				SDKROOT = iphoneos;
				SWIFT_COMPILATION_MODE = wholemodule;
				SWIFT_OPTIMIZATION_LEVEL = "-O";
				VALIDATE_PRODUCT = YES;
			};
			name = Release;
		};
		2452281025761A7800B90ED7 /* Debug */ = {
			isa = XCBuildConfiguration;
			baseConfigurationReference = 57187BFF4836C0B0CFBC9649 /* Pods-cashmere.debug.xcconfig */;
			buildSettings = {
				ASSETCATALOG_COMPILER_APPICON_NAME = AppIcon;
				ASSETCATALOG_COMPILER_GLOBAL_ACCENT_COLOR_NAME = AccentColor;
				CODE_SIGN_IDENTITY = "Apple Development";
				CODE_SIGN_STYLE = Automatic;
				DEVELOPMENT_ASSET_PATHS = "\"cashmere/Preview Content\"";
				DEVELOPMENT_TEAM = EDST8U6VYT;
				ENABLE_PREVIEWS = YES;
				INFOPLIST_FILE = cashmere/Info.plist;
				IPHONEOS_DEPLOYMENT_TARGET = 14.2;
				LD_RUNPATH_SEARCH_PATHS = (
					"$(inherited)",
					"@executable_path/Frameworks",
				);
				PRODUCT_BUNDLE_IDENTIFIER = KoukiShimura.cashmere;
				PRODUCT_NAME = "$(TARGET_NAME)";
				PROVISIONING_PROFILE_SPECIFIER = "";
				SWIFT_VERSION = 5.0;
				TARGETED_DEVICE_FAMILY = "1,2";
			};
			name = Debug;
		};
		2452281125761A7800B90ED7 /* Release */ = {
			isa = XCBuildConfiguration;
			baseConfigurationReference = 89FD71F93435A8E0D3F3B537 /* Pods-cashmere.release.xcconfig */;
			buildSettings = {
				ASSETCATALOG_COMPILER_APPICON_NAME = AppIcon;
				ASSETCATALOG_COMPILER_GLOBAL_ACCENT_COLOR_NAME = AccentColor;
				CODE_SIGN_IDENTITY = "Apple Development";
				CODE_SIGN_STYLE = Automatic;
				DEVELOPMENT_ASSET_PATHS = "\"cashmere/Preview Content\"";
				DEVELOPMENT_TEAM = EDST8U6VYT;
				ENABLE_PREVIEWS = YES;
				INFOPLIST_FILE = cashmere/Info.plist;
				IPHONEOS_DEPLOYMENT_TARGET = 14.2;
				LD_RUNPATH_SEARCH_PATHS = (
					"$(inherited)",
					"@executable_path/Frameworks",
				);
				PRODUCT_BUNDLE_IDENTIFIER = KoukiShimura.cashmere;
				PRODUCT_NAME = "$(TARGET_NAME)";
				PROVISIONING_PROFILE_SPECIFIER = "";
				SWIFT_VERSION = 5.0;
				TARGETED_DEVICE_FAMILY = "1,2";
			};
			name = Release;
		};
		2452281325761A7800B90ED7 /* Debug */ = {
			isa = XCBuildConfiguration;
			baseConfigurationReference = 79EE3B1A9A8802EE8BD27118 /* Pods-cashmereTests.debug.xcconfig */;
			buildSettings = {
				ALWAYS_EMBED_SWIFT_STANDARD_LIBRARIES = YES;
				BUNDLE_LOADER = "$(TEST_HOST)";
				CODE_SIGN_STYLE = Automatic;
				INFOPLIST_FILE = cashmereTests/Info.plist;
				IPHONEOS_DEPLOYMENT_TARGET = 14.2;
				LD_RUNPATH_SEARCH_PATHS = (
					"$(inherited)",
					"@executable_path/Frameworks",
					"@loader_path/Frameworks",
				);
				PRODUCT_BUNDLE_IDENTIFIER = KoukiShimura.cashmereTests;
				PRODUCT_NAME = "$(TARGET_NAME)";
				SWIFT_VERSION = 5.0;
				TARGETED_DEVICE_FAMILY = "1,2";
				TEST_HOST = "$(BUILT_PRODUCTS_DIR)/cashmere.app/cashmere";
			};
			name = Debug;
		};
		2452281425761A7800B90ED7 /* Release */ = {
			isa = XCBuildConfiguration;
			baseConfigurationReference = 5998795B6D9E96219FF9DEB1 /* Pods-cashmereTests.release.xcconfig */;
			buildSettings = {
				ALWAYS_EMBED_SWIFT_STANDARD_LIBRARIES = YES;
				BUNDLE_LOADER = "$(TEST_HOST)";
				CODE_SIGN_STYLE = Automatic;
				INFOPLIST_FILE = cashmereTests/Info.plist;
				IPHONEOS_DEPLOYMENT_TARGET = 14.2;
				LD_RUNPATH_SEARCH_PATHS = (
					"$(inherited)",
					"@executable_path/Frameworks",
					"@loader_path/Frameworks",
				);
				PRODUCT_BUNDLE_IDENTIFIER = KoukiShimura.cashmereTests;
				PRODUCT_NAME = "$(TARGET_NAME)";
				SWIFT_VERSION = 5.0;
				TARGETED_DEVICE_FAMILY = "1,2";
				TEST_HOST = "$(BUILT_PRODUCTS_DIR)/cashmere.app/cashmere";
			};
			name = Release;
		};
		2452281625761A7800B90ED7 /* Debug */ = {
			isa = XCBuildConfiguration;
			baseConfigurationReference = 3734E116E6263DD8E5F956D4 /* Pods-cashmere-cashmereUITests.debug.xcconfig */;
			buildSettings = {
				ALWAYS_EMBED_SWIFT_STANDARD_LIBRARIES = YES;
				CODE_SIGN_STYLE = Automatic;
				INFOPLIST_FILE = cashmereUITests/Info.plist;
				LD_RUNPATH_SEARCH_PATHS = (
					"$(inherited)",
					"@executable_path/Frameworks",
					"@loader_path/Frameworks",
				);
				PRODUCT_BUNDLE_IDENTIFIER = KoukiShimura.cashmereUITests;
				PRODUCT_NAME = "$(TARGET_NAME)";
				SWIFT_VERSION = 5.0;
				TARGETED_DEVICE_FAMILY = "1,2";
				TEST_TARGET_NAME = cashmere;
			};
			name = Debug;
		};
		2452281725761A7800B90ED7 /* Release */ = {
			isa = XCBuildConfiguration;
			baseConfigurationReference = 705E7930EFC023C0002B5E65 /* Pods-cashmere-cashmereUITests.release.xcconfig */;
			buildSettings = {
				ALWAYS_EMBED_SWIFT_STANDARD_LIBRARIES = YES;
				CODE_SIGN_STYLE = Automatic;
				INFOPLIST_FILE = cashmereUITests/Info.plist;
				LD_RUNPATH_SEARCH_PATHS = (
					"$(inherited)",
					"@executable_path/Frameworks",
					"@loader_path/Frameworks",
				);
				PRODUCT_BUNDLE_IDENTIFIER = KoukiShimura.cashmereUITests;
				PRODUCT_NAME = "$(TARGET_NAME)";
				SWIFT_VERSION = 5.0;
				TARGETED_DEVICE_FAMILY = "1,2";
				TEST_TARGET_NAME = cashmere;
			};
			name = Release;
		};
/* End XCBuildConfiguration section */

/* Begin XCConfigurationList section */
		245227E025761A7300B90ED7 /* Build configuration list for PBXProject "cashmere" */ = {
			isa = XCConfigurationList;
			buildConfigurations = (
				2452280D25761A7800B90ED7 /* Debug */,
				2452280E25761A7800B90ED7 /* Release */,
			);
			defaultConfigurationIsVisible = 0;
			defaultConfigurationName = Release;
		};
		2452280F25761A7800B90ED7 /* Build configuration list for PBXNativeTarget "cashmere" */ = {
			isa = XCConfigurationList;
			buildConfigurations = (
				2452281025761A7800B90ED7 /* Debug */,
				2452281125761A7800B90ED7 /* Release */,
			);
			defaultConfigurationIsVisible = 0;
			defaultConfigurationName = Release;
		};
		2452281225761A7800B90ED7 /* Build configuration list for PBXNativeTarget "cashmereTests" */ = {
			isa = XCConfigurationList;
			buildConfigurations = (
				2452281325761A7800B90ED7 /* Debug */,
				2452281425761A7800B90ED7 /* Release */,
			);
			defaultConfigurationIsVisible = 0;
			defaultConfigurationName = Release;
		};
		2452281525761A7800B90ED7 /* Build configuration list for PBXNativeTarget "cashmereUITests" */ = {
			isa = XCConfigurationList;
			buildConfigurations = (
				2452281625761A7800B90ED7 /* Debug */,
				2452281725761A7800B90ED7 /* Release */,
			);
			defaultConfigurationIsVisible = 0;
			defaultConfigurationName = Release;
		};
/* End XCConfigurationList section */

/* Begin XCRemoteSwiftPackageReference section */
		2452291925806B3C00B90ED7 /* XCRemoteSwiftPackageReference "CodeScanner" */ = {
			isa = XCRemoteSwiftPackageReference;
			repositoryURL = "https://github.com/twostraws/CodeScanner";
			requirement = {
				kind = upToNextMajorVersion;
				minimumVersion = 1.0.7;
			};
		};
/* End XCRemoteSwiftPackageReference section */

/* Begin XCSwiftPackageProductDependency section */
		2452291A25806B3C00B90ED7 /* CodeScanner */ = {
			isa = XCSwiftPackageProductDependency;
			package = 2452291925806B3C00B90ED7 /* XCRemoteSwiftPackageReference "CodeScanner" */;
			productName = CodeScanner;
		};
/* End XCSwiftPackageProductDependency section */
	};
	rootObject = 245227DD25761A7300B90ED7 /* Project object */;
}
